# This is a Gradle generated file for dependency locking.
# Manual edits can break the build and are not advised.
# This file is expected to be part of source control.
com.fasterxml.jackson.core:jackson-annotations:2.12.3=compileClasspath,default,runtimeClasspath,testCompileClasspath,testRuntimeClasspath
com.fasterxml.jackson.core:jackson-core:2.12.3=compileClasspath,default,runtimeClasspath,testCompileClasspath,testRuntimeClasspath
com.fasterxml.jackson.core:jackson-databind:2.11.4=compileClasspath,default,runtimeClasspath,testCompileClasspath,testRuntimeClasspath
com.fasterxml.jackson.datatype:jackson-datatype-jsr310:2.12.3=default,runtimeClasspath,testRuntimeClasspath
com.fasterxml.jackson:jackson-bom:2.12.3=compileClasspath,default,runtimeClasspath,testCompileClasspath,testRuntimeClasspath
com.github.briandilley.jsonrpc4j:jsonrpc4j:1.6=compileClasspath,default,runtimeClasspath,testCompileClasspath,testRuntimeClasspath
commons-codec:commons-codec:1.15=default,runtimeClasspath,testRuntimeClasspath
commons-lang:commons-lang:2.6=compileClasspath,default,runtimeClasspath,testCompileClasspath,testRuntimeClasspath
jakarta.validation:jakarta.validation-api:2.0.2=default,runtimeClasspath,testRuntimeClasspath
net.iharder:base64:2.3.9=default,runtimeClasspath,testRuntimeClasspath
org.apache.httpcomponents:httpcore-nio:4.4.14=default,runtimeClasspath,testRuntimeClasspath
org.apache.httpcomponents:httpcore:4.4.14=default,runtimeClasspath,testRuntimeClasspath
org.jacoco:org.jacoco.agent:0.8.7=jacocoAgent,jacocoAnt
org.jacoco:org.jacoco.ant:0.8.7=jacocoAnt
org.jacoco:org.jacoco.core:0.8.7=jacocoAnt
org.jacoco:org.jacoco.report:0.8.7=jacocoAnt
org.ow2.asm:asm-analysis:9.1=jacocoAnt
org.ow2.asm:asm-commons:9.1=jacocoAnt
org.ow2.asm:asm-tree:9.1=jacocoAnt
org.ow2.asm:asm:9.1=jacocoAnt
org.slf4j:slf4j-api:1.7.30=default,runtimeClasspath,testRuntimeClasspath
empty=annotationProcessor,archives,testAnnotationProcessor
